
Microsoft Visual Studio Solution File, Format Version 12.00
# Visual Studio 15
VisualStudioVersion = 15.0.27130.2027
MinimumVisualStudioVersion = 10.0.40219.1
Project("{FAE04EC0-301F-11D3-BF4B-00C04F79EFBC}") = "IWS_Soap", "IWS_Soap\IWS_Soap.csproj", "{FC782439-E44A-4CE7-941A-10A4BE02B0E8}"
EndProject
Project("{FAE04EC0-301F-11D3-BF4B-00C04F79EFBC}") = "Client GUI", "Client GUI\Client GUI.csproj", "{A8EA3633-6E09-412A-A9D4-782B30B36975}"
	ProjectSection(ProjectDependencies) = postProject
		{FC782439-E44A-4CE7-941A-10A4BE02B0E8} = {FC782439-E44A-4CE7-941A-10A4BE02B0E8}
	EndProjectSection
EndProject
Project("{FAE04EC0-301F-11D3-BF4B-00C04F79EFBC}") = "ClientConsole", "ClientConsole\ClientConsole.csproj", "{0223D472-40F5-4F4A-8A7C-1BC25E221F6F}"
	ProjectSection(ProjectDependencies) = postProject
		{FC782439-E44A-4CE7-941A-10A4BE02B0E8} = {FC782439-E44A-4CE7-941A-10A4BE02B0E8}
	EndProjectSection
EndProject
Project("{FAE04EC0-301F-11D3-BF4B-00C04F79EFBC}") = "Monitoring", "Monitoring\Monitoring.csproj", "{60A46854-DA4C-4D11-94BE-A69C88452DF4}"
	ProjectSection(ProjectDependencies) = postProject
		{FC782439-E44A-4CE7-941A-10A4BE02B0E8} = {FC782439-E44A-4CE7-941A-10A4BE02B0E8}
	EndProjectSection
EndProject
Project("{FAE04EC0-301F-11D3-BF4B-00C04F79EFBC}") = "ClientEvent", "ClientEvent\ClientEvent.csproj", "{B487E63B-96FC-4AD5-B69E-6680BE5C5D1B}"
	ProjectSection(ProjectDependencies) = postProject
		{FC782439-E44A-4CE7-941A-10A4BE02B0E8} = {FC782439-E44A-4CE7-941A-10A4BE02B0E8}
	EndProjectSection
EndProject
Global
	GlobalSection(SolutionConfigurationPlatforms) = preSolution
		Debug|Any CPU = Debug|Any CPU
		Release|Any CPU = Release|Any CPU
	EndGlobalSection
	GlobalSection(ProjectConfigurationPlatforms) = postSolution
		{FC782439-E44A-4CE7-941A-10A4BE02B0E8}.Debug|Any CPU.ActiveCfg = Debug|Any CPU
		{FC782439-E44A-4CE7-941A-10A4BE02B0E8}.Debug|Any CPU.Build.0 = Debug|Any CPU
		{FC782439-E44A-4CE7-941A-10A4BE02B0E8}.Release|Any CPU.ActiveCfg = Release|Any CPU
		{FC782439-E44A-4CE7-941A-10A4BE02B0E8}.Release|Any CPU.Build.0 = Release|Any CPU
		{A8EA3633-6E09-412A-A9D4-782B30B36975}.Debug|Any CPU.ActiveCfg = Debug|Any CPU
		{A8EA3633-6E09-412A-A9D4-782B30B36975}.Debug|Any CPU.Build.0 = Debug|Any CPU
		{A8EA3633-6E09-412A-A9D4-782B30B36975}.Release|Any CPU.ActiveCfg = Release|Any CPU
		{A8EA3633-6E09-412A-A9D4-782B30B36975}.Release|Any CPU.Build.0 = Release|Any CPU
		{0223D472-40F5-4F4A-8A7C-1BC25E221F6F}.Debug|Any CPU.ActiveCfg = Debug|Any CPU
		{0223D472-40F5-4F4A-8A7C-1BC25E221F6F}.Debug|Any CPU.Build.0 = Debug|Any CPU
		{0223D472-40F5-4F4A-8A7C-1BC25E221F6F}.Release|Any CPU.ActiveCfg = Release|Any CPU
		{0223D472-40F5-4F4A-8A7C-1BC25E221F6F}.Release|Any CPU.Build.0 = Release|Any CPU
		{60A46854-DA4C-4D11-94BE-A69C88452DF4}.Debug|Any CPU.ActiveCfg = Debug|Any CPU
		{60A46854-DA4C-4D11-94BE-A69C88452DF4}.Debug|Any CPU.Build.0 = Debug|Any CPU
		{60A46854-DA4C-4D11-94BE-A69C88452DF4}.Release|Any CPU.ActiveCfg = Release|Any CPU
		{60A46854-DA4C-4D11-94BE-A69C88452DF4}.Release|Any CPU.Build.0 = Release|Any CPU
		{B487E63B-96FC-4AD5-B69E-6680BE5C5D1B}.Debug|Any CPU.ActiveCfg = Debug|Any CPU
		{B487E63B-96FC-4AD5-B69E-6680BE5C5D1B}.Debug|Any CPU.Build.0 = Debug|Any CPU
		{B487E63B-96FC-4AD5-B69E-6680BE5C5D1B}.Release|Any CPU.ActiveCfg = Release|Any CPU
		{B487E63B-96FC-4AD5-B69E-6680BE5C5D1B}.Release|Any CPU.Build.0 = Release|Any CPU
	EndGlobalSection
	GlobalSection(SolutionProperties) = preSolution
		HideSolutionNode = FALSE
	EndGlobalSection
	GlobalSection(ExtensibilityGlobals) = postSolution
		SolutionGuid = {9F8C467D-DF47-4888-80E5-7C7FCD84F5D4}
	EndGlobalSection
EndGlobal
